
Microsoft Visual Studio Solution File, Format Version 12.00
# Visual Studio Version 17
VisualStudioVersion = 17.9.34728.123
MinimumVisualStudioVersion = 10.0.40219.1
Project("{FAE04EC0-301F-11D3-BF4B-00C04F79EFBC}") = "ContactApi", "ContactApi.csproj", "{E3A3FC8B-EC21-48F6-80F6-D376CF4BC51C}"
EndProject
Project("{FAE04EC0-301F-11D3-BF4B-00C04F79EFBC}") = "Domain", "..\Domain\Domain.csproj", "{FC71F5A6-687B-48EF-9D36-1A0C5B22672F}"
EndProject
Project("{FAE04EC0-301F-11D3-BF4B-00C04F79EFBC}") = "Persistence", "..\Persistence\Persistence.csproj", "{F3E09846-1BFD-47DF-A70F-52F90C6C7470}"
EndProject
Project("{FAE04EC0-301F-11D3-BF4B-00C04F79EFBC}") = "Services", "..\Services\Services.csproj", "{775D1F28-4C57-4EB3-9392-9CFE5D70D9E2}"
EndProject
Project("{FAE04EC0-301F-11D3-BF4B-00C04F79EFBC}") = "Interfaces", "..\Interfaces\Interfaces.csproj", "{1009CCEB-7255-47BA-A6E6-936942224BDC}"
EndProject
Global
	GlobalSection(SolutionConfigurationPlatforms) = preSolution
		Debug|Any CPU = Debug|Any CPU
		Release|Any CPU = Release|Any CPU
	EndGlobalSection
	GlobalSection(ProjectConfigurationPlatforms) = postSolution
		{E3A3FC8B-EC21-48F6-80F6-D376CF4BC51C}.Debug|Any CPU.ActiveCfg = Debug|Any CPU
		{E3A3FC8B-EC21-48F6-80F6-D376CF4BC51C}.Debug|Any CPU.Build.0 = Debug|Any CPU
		{E3A3FC8B-EC21-48F6-80F6-D376CF4BC51C}.Release|Any CPU.ActiveCfg = Release|Any CPU
		{E3A3FC8B-EC21-48F6-80F6-D376CF4BC51C}.Release|Any CPU.Build.0 = Release|Any CPU
		{FC71F5A6-687B-48EF-9D36-1A0C5B22672F}.Debug|Any CPU.ActiveCfg = Debug|Any CPU
		{FC71F5A6-687B-48EF-9D36-1A0C5B22672F}.Debug|Any CPU.Build.0 = Debug|Any CPU
		{FC71F5A6-687B-48EF-9D36-1A0C5B22672F}.Release|Any CPU.ActiveCfg = Release|Any CPU
		{FC71F5A6-687B-48EF-9D36-1A0C5B22672F}.Release|Any CPU.Build.0 = Release|Any CPU
		{F3E09846-1BFD-47DF-A70F-52F90C6C7470}.Debug|Any CPU.ActiveCfg = Debug|Any CPU
		{F3E09846-1BFD-47DF-A70F-52F90C6C7470}.Debug|Any CPU.Build.0 = Debug|Any CPU
		{F3E09846-1BFD-47DF-A70F-52F90C6C7470}.Release|Any CPU.ActiveCfg = Release|Any CPU
		{F3E09846-1BFD-47DF-A70F-52F90C6C7470}.Release|Any CPU.Build.0 = Release|Any CPU
		{775D1F28-4C57-4EB3-9392-9CFE5D70D9E2}.Debug|Any CPU.ActiveCfg = Debug|Any CPU
		{775D1F28-4C57-4EB3-9392-9CFE5D70D9E2}.Debug|Any CPU.Build.0 = Debug|Any CPU
		{775D1F28-4C57-4EB3-9392-9CFE5D70D9E2}.Release|Any CPU.ActiveCfg = Release|Any CPU
		{775D1F28-4C57-4EB3-9392-9CFE5D70D9E2}.Release|Any CPU.Build.0 = Release|Any CPU
		{1009CCEB-7255-47BA-A6E6-936942224BDC}.Debug|Any CPU.ActiveCfg = Debug|Any CPU
		{1009CCEB-7255-47BA-A6E6-936942224BDC}.Debug|Any CPU.Build.0 = Debug|Any CPU
		{1009CCEB-7255-47BA-A6E6-936942224BDC}.Release|Any CPU.ActiveCfg = Release|Any CPU
		{1009CCEB-7255-47BA-A6E6-936942224BDC}.Release|Any CPU.Build.0 = Release|Any CPU
	EndGlobalSection
	GlobalSection(SolutionProperties) = preSolution
		HideSolutionNode = FALSE
	EndGlobalSection
	GlobalSection(ExtensibilityGlobals) = postSolution
		SolutionGuid = {B64CE613-F3DD-47EC-8DCA-40C441C13788}
	EndGlobalSection
EndGlobal
